
Microsoft Visual Studio Solution File, Format Version 12.00
# Visual Studio Version 17
VisualStudioVersion = 17.8.34309.116
MinimumVisualStudioVersion = 10.0.40219.1
Project("{9A19103F-16F7-4668-BE54-9A1E7A4F7556}") = "NationalPark_API_04", "NationalPark_API_04\NationalPark_API_04.csproj", "{FA891B14-C84A-419D-AFD6-B3158D9D074E}"
EndProject
Project("{9A19103F-16F7-4668-BE54-9A1E7A4F7556}") = "WebApp_API", "WebApp_API\WebApp_API.csproj", "{630D9E6C-57B7-4081-B151-B04AAFD67835}"
EndProject
Global
	GlobalSection(SolutionConfigurationPlatforms) = preSolution
		Debug|Any CPU = Debug|Any CPU
		Release|Any CPU = Release|Any CPU
	EndGlobalSection
	GlobalSection(ProjectConfigurationPlatforms) = postSolution
		{FA891B14-C84A-419D-AFD6-B3158D9D074E}.Debug|Any CPU.ActiveCfg = Debug|Any CPU
		{FA891B14-C84A-419D-AFD6-B3158D9D074E}.Debug|Any CPU.Build.0 = Debug|Any CPU
		{FA891B14-C84A-419D-AFD6-B3158D9D074E}.Release|Any CPU.ActiveCfg = Release|Any CPU
		{FA891B14-C84A-419D-AFD6-B3158D9D074E}.Release|Any CPU.Build.0 = Release|Any CPU
		{630D9E6C-57B7-4081-B151-B04AAFD67835}.Debug|Any CPU.ActiveCfg = Debug|Any CPU
		{630D9E6C-57B7-4081-B151-B04AAFD67835}.Debug|Any CPU.Build.0 = Debug|Any CPU
		{630D9E6C-57B7-4081-B151-B04AAFD67835}.Release|Any CPU.ActiveCfg = Release|Any CPU
		{630D9E6C-57B7-4081-B151-B04AAFD67835}.Release|Any CPU.Build.0 = Release|Any CPU
	EndGlobalSection
	GlobalSection(SolutionProperties) = preSolution
		HideSolutionNode = FALSE
	EndGlobalSection
	GlobalSection(ExtensibilityGlobals) = postSolution
		SolutionGuid = {EEDA240B-C653-4658-8DEA-E001956FC09B}
	EndGlobalSection
EndGlobal
